
Microsoft Visual Studio Solution File, Format Version 12.00
# Visual Studio 15
VisualStudioVersion = 15.0.27130.2027
MinimumVisualStudioVersion = 10.0.40219.1
Project("{F184B08F-C81C-45F6-A57F-5ABD9991F28F}") = "WindowsApp13", "WindowsApp13\WindowsApp13.vbproj", "{25A7E77B-8D07-470F-9572-D08FA583D5A7}"
EndProject
Global
	GlobalSection(SolutionConfigurationPlatforms) = preSolution
		Debug|Any CPU = Debug|Any CPU
		Release|Any CPU = Release|Any CPU
	EndGlobalSection
	GlobalSection(ProjectConfigurationPlatforms) = postSolution
		{25A7E77B-8D07-470F-9572-D08FA583D5A7}.Debug|Any CPU.ActiveCfg = Debug|Any CPU
		{25A7E77B-8D07-470F-9572-D08FA583D5A7}.Debug|Any CPU.Build.0 = Debug|Any CPU
		{25A7E77B-8D07-470F-9572-D08FA583D5A7}.Release|Any CPU.ActiveCfg = Release|Any CPU
		{25A7E77B-8D07-470F-9572-D08FA583D5A7}.Release|Any CPU.Build.0 = Release|Any CPU
	EndGlobalSection
	GlobalSection(SolutionProperties) = preSolution
		HideSolutionNode = FALSE
	EndGlobalSection
	GlobalSection(ExtensibilityGlobals) = postSolution
		SolutionGuid = {39C9EE2B-E789-40E5-A33D-6191B7333625}
	EndGlobalSection
EndGlobal
